
Microsoft Visual Studio Solution File, Format Version 12.00
# Visual Studio Version 17
VisualStudioVersion = 17.11.35222.181
MinimumVisualStudioVersion = 10.0.40219.1
Project("{FAE04EC0-301F-11D3-BF4B-00C04F79EFBC}") = "sql", "sql\sql.csproj", "{04418AD0-7358-46A1-94E9-F68BBFA0FE31}"
EndProject
Project("{FAE04EC0-301F-11D3-BF4B-00C04F79EFBC}") = "clsBussnieesLayer", "clsBussnieesLayer\clsBussnieesLayer.csproj", "{B043453C-65AD-413B-9F4C-1F4356C3415F}"
EndProject
Project("{FAE04EC0-301F-11D3-BF4B-00C04F79EFBC}") = "ClsDataBaseLayer", "ClsDataBaseLayer\ClsDataBaseLayer.csproj", "{8B58AEC0-99BC-4DC4-AF29-19CB79D6BC1E}"
EndProject
Global
	GlobalSection(SolutionConfigurationPlatforms) = preSolution
		Debug|Any CPU = Debug|Any CPU
		Release|Any CPU = Release|Any CPU
	EndGlobalSection
	GlobalSection(ProjectConfigurationPlatforms) = postSolution
		{04418AD0-7358-46A1-94E9-F68BBFA0FE31}.Debug|Any CPU.ActiveCfg = Debug|Any CPU
		{04418AD0-7358-46A1-94E9-F68BBFA0FE31}.Debug|Any CPU.Build.0 = Debug|Any CPU
		{04418AD0-7358-46A1-94E9-F68BBFA0FE31}.Release|Any CPU.ActiveCfg = Release|Any CPU
		{04418AD0-7358-46A1-94E9-F68BBFA0FE31}.Release|Any CPU.Build.0 = Release|Any CPU
		{B043453C-65AD-413B-9F4C-1F4356C3415F}.Debug|Any CPU.ActiveCfg = Debug|Any CPU
		{B043453C-65AD-413B-9F4C-1F4356C3415F}.Debug|Any CPU.Build.0 = Debug|Any CPU
		{B043453C-65AD-413B-9F4C-1F4356C3415F}.Release|Any CPU.ActiveCfg = Release|Any CPU
		{B043453C-65AD-413B-9F4C-1F4356C3415F}.Release|Any CPU.Build.0 = Release|Any CPU
		{8B58AEC0-99BC-4DC4-AF29-19CB79D6BC1E}.Debug|Any CPU.ActiveCfg = Debug|Any CPU
		{8B58AEC0-99BC-4DC4-AF29-19CB79D6BC1E}.Debug|Any CPU.Build.0 = Debug|Any CPU
		{8B58AEC0-99BC-4DC4-AF29-19CB79D6BC1E}.Release|Any CPU.ActiveCfg = Release|Any CPU
		{8B58AEC0-99BC-4DC4-AF29-19CB79D6BC1E}.Release|Any CPU.Build.0 = Release|Any CPU
	EndGlobalSection
	GlobalSection(SolutionProperties) = preSolution
		HideSolutionNode = FALSE
	EndGlobalSection
	GlobalSection(ExtensibilityGlobals) = postSolution
		SolutionGuid = {6D83D5FC-5B28-463E-BFAC-43D21A98898C}
	EndGlobalSection
EndGlobal
